
Microsoft Visual Studio Solution File, Format Version 12.00
# Visual Studio Version 16
VisualStudioVersion = 16.0.30907.101
MinimumVisualStudioVersion = 10.0.40219.1
Project("{FAE04EC0-301F-11D3-BF4B-00C04F79EFBC}") = "WebApplication2", "WebApplication2\WebApplication2.csproj", "{C3B23A8D-2FF9-45B8-987E-72F9CE10857F}"
EndProject
Global
	GlobalSection(SolutionConfigurationPlatforms) = preSolution
		Debug|Any CPU = Debug|Any CPU
		Release|Any CPU = Release|Any CPU
	EndGlobalSection
	GlobalSection(ProjectConfigurationPlatforms) = postSolution
		{C3B23A8D-2FF9-45B8-987E-72F9CE10857F}.Debug|Any CPU.ActiveCfg = Debug|Any CPU
		{C3B23A8D-2FF9-45B8-987E-72F9CE10857F}.Debug|Any CPU.Build.0 = Debug|Any CPU
		{C3B23A8D-2FF9-45B8-987E-72F9CE10857F}.Release|Any CPU.ActiveCfg = Release|Any CPU
		{C3B23A8D-2FF9-45B8-987E-72F9CE10857F}.Release|Any CPU.Build.0 = Release|Any CPU
	EndGlobalSection
	GlobalSection(SolutionProperties) = preSolution
		HideSolutionNode = FALSE
	EndGlobalSection
	GlobalSection(ExtensibilityGlobals) = postSolution
		SolutionGuid = {B5469384-88E3-4539-B15D-D73B76971174}
	EndGlobalSection
EndGlobal
